// !$*UTF8*$!
{
	archiveVersion = 1;
	classes = {
	};
	objectVersion = 48;
	objects = {

/* Begin PBXBuildFile section */
		74325DE020D035AB00121EC0 /* main.cpp in Sources */ = {isa = PBXBuildFile; fileRef = 74325DDF20D035AB00121EC0 /* main.cpp */; };
		74325DE720DACFB600121EC0 /* hand_code.cpp in Sources */ = {isa = PBXBuildFile; fileRef = 74325DE620DACFB600121EC0 /* hand_code.cpp */; };
		749446392103C55300EE44C0 /* onlineGesture.cpp in Sources */ = {isa = PBXBuildFile; fileRef = 749446382103C55300EE44C0 /* onlineGesture.cpp */; };
/* End PBXBuildFile section */

/* Begin PBXCopyFilesBuildPhase section */
		74325DDA20D035AB00121EC0 /* CopyFiles */ = {
			isa = PBXCopyFilesBuildPhase;
			buildActionMask = 2147483647;
			dstPath = /usr/share/man/man1/;
			dstSubfolderSpec = 0;
			files = (
			);
			runOnlyForDeploymentPostprocessing = 1;
		};
/* End PBXCopyFilesBuildPhase section */

/* Begin PBXFileReference section */
		74325DDC20D035AB00121EC0 /* thumbs up detector */ = {isa = PBXFileReference; explicitFileType = "compiled.mach-o.executable"; includeInIndex = 0; path = "thumbs up detector"; sourceTree = BUILT_PRODUCTS_DIR; };
		74325DDF20D035AB00121EC0 /* main.cpp */ = {isa = PBXFileReference; lastKnownFileType = sourcecode.cpp.cpp; path = main.cpp; sourceTree = "<group>"; };
		74325DE620DACFB600121EC0 /* hand_code.cpp */ = {isa = PBXFileReference; lastKnownFileType = sourcecode.cpp.cpp; path = hand_code.cpp; sourceTree = "<group>"; };
		749446382103C55300EE44C0 /* onlineGesture.cpp */ = {isa = PBXFileReference; lastKnownFileType = sourcecode.cpp.cpp; path = onlineGesture.cpp; sourceTree = "<group>"; };
/* End PBXFileReference section */

/* Begin PBXFrameworksBuildPhase section */
		74325DD920D035AB00121EC0 /* Frameworks */ = {
			isa = PBXFrameworksBuildPhase;
			buildActionMask = 2147483647;
			files = (
			);
			runOnlyForDeploymentPostprocessing = 0;
		};
/* End PBXFrameworksBuildPhase section */

/* Begin PBXGroup section */
		74325DD320D035AB00121EC0 = {
			isa = PBXGroup;
			children = (
				74325DDE20D035AB00121EC0 /* thumbs up detector */,
				74325DDD20D035AB00121EC0 /* Products */,
			);
			sourceTree = "<group>";
		};
		74325DDD20D035AB00121EC0 /* Products */ = {
			isa = PBXGroup;
			children = (
				74325DDC20D035AB00121EC0 /* thumbs up detector */,
			);
			name = Products;
			sourceTree = "<group>";
		};
		74325DDE20D035AB00121EC0 /* thumbs up detector */ = {
			isa = PBXGroup;
			children = (
				74325DDF20D035AB00121EC0 /* main.cpp */,
				749446382103C55300EE44C0 /* onlineGesture.cpp */,
				74325DE620DACFB600121EC0 /* hand_code.cpp */,
			);
			path = "thumbs up detector";
			sourceTree = "<group>";
		};
/* End PBXGroup section */

/* Begin PBXNativeTarget section */
		74325DDB20D035AB00121EC0 /* thumbs up detector */ = {
			isa = PBXNativeTarget;
			buildConfigurationList = 74325DE320D035AB00121EC0 /* Build configuration list for PBXNativeTarget "thumbs up detector" */;
			buildPhases = (
				74325DD820D035AB00121EC0 /* Sources */,
				74325DD920D035AB00121EC0 /* Frameworks */,
				74325DDA20D035AB00121EC0 /* CopyFiles */,
			);
			buildRules = (
			);
			dependencies = (
			);
			name = "thumbs up detector";
			productName = get_camera_working;
			productReference = 74325DDC20D035AB00121EC0 /* thumbs up detector */;
			productType = "com.apple.product-type.tool";
		};
/* End PBXNativeTarget section */

/* Begin PBXProject section */
		74325DD420D035AB00121EC0 /* Project object */ = {
			isa = PBXProject;
			attributes = {
				LastUpgradeCheck = 0920;
				ORGANIZATIONNAME = "Christopher Sheehan";
				TargetAttributes = {
					74325DDB20D035AB00121EC0 = {
						CreatedOnToolsVersion = 9.2;
						ProvisioningStyle = Automatic;
					};
				};
			};
			buildConfigurationList = 74325DD720D035AB00121EC0 /* Build configuration list for PBXProject "thumbs up detector" */;
			compatibilityVersion = "Xcode 8.0";
			developmentRegion = en;
			hasScannedForEncodings = 0;
			knownRegions = (
				en,
			);
			mainGroup = 74325DD320D035AB00121EC0;
			productRefGroup = 74325DDD20D035AB00121EC0 /* Products */;
			projectDirPath = "";
			projectRoot = "";
			targets = (
				74325DDB20D035AB00121EC0 /* thumbs up detector */,
			);
		};
/* End PBXProject section */

/* Begin PBXSourcesBuildPhase section */
		74325DD820D035AB00121EC0 /* Sources */ = {
			isa = PBXSourcesBuildPhase;
			buildActionMask = 2147483647;
			files = (
				749446392103C55300EE44C0 /* onlineGesture.cpp in Sources */,
				74325DE020D035AB00121EC0 /* main.cpp in Sources */,
				74325DE720DACFB600121EC0 /* hand_code.cpp in Sources */,
			);
			runOnlyForDeploymentPostprocessing = 0;
		};
/* End PBXSourcesBuildPhase section */

/* Begin XCBuildConfiguration section */
		74325DE120D035AB00121EC0 /* Debug */ = {
			isa = XCBuildConfiguration;
			buildSettings = {
				ALWAYS_SEARCH_USER_PATHS = NO;
				CLANG_ANALYZER_NONNULL = YES;
				CLANG_ANALYZER_NUMBER_OBJECT_CONVERSION = YES_AGGRESSIVE;
				CLANG_CXX_LANGUAGE_STANDARD = "gnu++14";
				CLANG_CXX_LIBRARY = "libc++";
				CLANG_ENABLE_MODULES = YES;
				CLANG_ENABLE_OBJC_ARC = YES;
				CLANG_WARN_BLOCK_CAPTURE_AUTORELEASING = YES;
				CLANG_WARN_BOOL_CONVERSION = YES;
				CLANG_WARN_COMMA = YES;
				CLANG_WARN_CONSTANT_CONVERSION = YES;
				CLANG_WARN_DIRECT_OBJC_ISA_USAGE = YES_ERROR;
				CLANG_WARN_DOCUMENTATION_COMMENTS = YES;
				CLANG_WARN_EMPTY_BODY = YES;
				CLANG_WARN_ENUM_CONVERSION = YES;
				CLANG_WARN_INFINITE_RECURSION = YES;
				CLANG_WARN_INT_CONVERSION = YES;
				CLANG_WARN_NON_LITERAL_NULL_CONVERSION = YES;
				CLANG_WARN_OBJC_LITERAL_CONVERSION = YES;
				CLANG_WARN_OBJC_ROOT_CLASS = YES_ERROR;
				CLANG_WARN_RANGE_LOOP_ANALYSIS = YES;
				CLANG_WARN_STRICT_PROTOTYPES = YES;
				CLANG_WARN_SUSPICIOUS_MOVE = YES;
				CLANG_WARN_UNGUARDED_AVAILABILITY = YES_AGGRESSIVE;
				CLANG_WARN_UNREACHABLE_CODE = YES;
				CLANG_WARN__DUPLICATE_METHOD_MATCH = YES;
				CODE_SIGN_IDENTITY = "-";
				COPY_PHASE_STRIP = NO;
				DEBUG_INFORMATION_FORMAT = dwarf;
				ENABLE_STRICT_OBJC_MSGSEND = YES;
				ENABLE_TESTABILITY = YES;
				GCC_C_LANGUAGE_STANDARD = gnu11;
				GCC_DYNAMIC_NO_PIC = NO;
				GCC_NO_COMMON_BLOCKS = YES;
				GCC_OPTIMIZATION_LEVEL = 0;
				GCC_PREPROCESSOR_DEFINITIONS = (
					"DEBUG=1",
					"$(inherited)",
				);
				GCC_WARN_64_TO_32_BIT_CONVERSION = YES;
				GCC_WARN_ABOUT_RETURN_TYPE = YES_ERROR;
				GCC_WARN_UNDECLARED_SELECTOR = YES;
				GCC_WARN_UNINITIALIZED_AUTOS = YES_AGGRESSIVE;
				GCC_WARN_UNUSED_FUNCTION = YES;
				GCC_WARN_UNUSED_VARIABLE = YES;
				MACOSX_DEPLOYMENT_TARGET = 10.13;
				MTL_ENABLE_DEBUG_INFO = YES;
				ONLY_ACTIVE_ARCH = YES;
				SDKROOT = macosx;
			};
			name = Debug;
		};
		74325DE220D035AB00121EC0 /* Release */ = {
			isa = XCBuildConfiguration;
			buildSettings = {
				ALWAYS_SEARCH_USER_PATHS = NO;
				CLANG_ANALYZER_NONNULL = YES;
				CLANG_ANALYZER_NUMBER_OBJECT_CONVERSION = YES_AGGRESSIVE;
				CLANG_CXX_LANGUAGE_STANDARD = "gnu++14";
				CLANG_CXX_LIBRARY = "libc++";
				CLANG_ENABLE_MODULES = YES;
				CLANG_ENABLE_OBJC_ARC = YES;
				CLANG_WARN_BLOCK_CAPTURE_AUTORELEASING = YES;
				CLANG_WARN_BOOL_CONVERSION = YES;
				CLANG_WARN_COMMA = YES;
				CLANG_WARN_CONSTANT_CONVERSION = YES;
				CLANG_WARN_DIRECT_OBJC_ISA_USAGE = YES_ERROR;
				CLANG_WARN_DOCUMENTATION_COMMENTS = YES;
				CLANG_WARN_EMPTY_BODY = YES;
				CLANG_WARN_ENUM_CONVERSION = YES;
				CLANG_WARN_INFINITE_RECURSION = YES;
				CLANG_WARN_INT_CONVERSION = YES;
				CLANG_WARN_NON_LITERAL_NULL_CONVERSION = YES;
				CLANG_WARN_OBJC_LITERAL_CONVERSION = YES;
				CLANG_WARN_OBJC_ROOT_CLASS = YES_ERROR;
				CLANG_WARN_RANGE_LOOP_ANALYSIS = YES;
				CLANG_WARN_STRICT_PROTOTYPES = YES;
				CLANG_WARN_SUSPICIOUS_MOVE = YES;
				CLANG_WARN_UNGUARDED_AVAILABILITY = YES_AGGRESSIVE;
				CLANG_WARN_UNREACHABLE_CODE = YES;
				CLANG_WARN__DUPLICATE_METHOD_MATCH = YES;
				CODE_SIGN_IDENTITY = "-";
				COPY_PHASE_STRIP = NO;
				DEBUG_INFORMATION_FORMAT = "dwarf-with-dsym";
				ENABLE_NS_ASSERTIONS = NO;
				ENABLE_STRICT_OBJC_MSGSEND = YES;
				GCC_C_LANGUAGE_STANDARD = gnu11;
				GCC_NO_COMMON_BLOCKS = YES;
				GCC_WARN_64_TO_32_BIT_CONVERSION = YES;
				GCC_WARN_ABOUT_RETURN_TYPE = YES_ERROR;
				GCC_WARN_UNDECLARED_SELECTOR = YES;
				GCC_WARN_UNINITIALIZED_AUTOS = YES_AGGRESSIVE;
				GCC_WARN_UNUSED_FUNCTION = YES;
				GCC_WARN_UNUSED_VARIABLE = YES;
				MACOSX_DEPLOYMENT_TARGET = 10.13;
				MTL_ENABLE_DEBUG_INFO = NO;
				SDKROOT = macosx;
			};
			name = Release;
		};
		74325DE420D035AB00121EC0 /* Debug */ = {
			isa = XCBuildConfiguration;
			buildSettings = {
				ALWAYS_SEARCH_USER_PATHS = YES;
				CLANG_WARN_DOCUMENTATION_COMMENTS = NO;
				CODE_SIGN_STYLE = Automatic;
				HEADER_SEARCH_PATHS = /usr/local/Cellar/opencv/3.4.1_1/include;
				LIBRARY_SEARCH_PATHS = /usr/local/Cellar/opencv/3.4.1_1/lib;
				OTHER_LDFLAGS = (
					"-lopencv_stitching",
					"-lopencv_bioinspired",
					"-lopencv_bgsegm",
					"-lopencv_aruco",
					"-lopencv_videostab",
					"-lopencv_superres",
					"-lopencv_dnn_objdetect",
					"-lopencv_ccalib",
					"-lopencv_fuzzy",
					"-lopencv_photo",
					"-lopencv_face",
					"-lopencv_dpm",
					"-lopencv_hdf",
					"-lopencv_reg",
					"-lopencv_line_descriptor",
					"-lopencv_img_hash",
					"-lopencv_hfs",
					"-lopencv_optflow",
					"-lopencv_xfeatures2d",
					"-lopencv_plot",
					"-lopencv_dnn",
					"-lopencv_text",
					"-lopencv_datasets",
					"-lopencv_tracking",
					"-lopencv_surface_matching",
					"-lopencv_phase_unwrapping",
					"-lopencv_structured_light",
					"-lopencv_stereo",
					"-lopencv_saliency",
					"-lopencv_rgbd",
					"-lopencv_flann",
					"-lopencv_videoio",
					"-lopencv_highgui",
					"-lopencv_features2d",
					"-lopencv_calib3d",
					"-lopencv_ximgproc",
					"-lopencv_ml",
					"-lopencv_video",
					"-lopencv_shape",
					"-lopencv_imgcodecs",
					"-lopencv_objdetect",
					"-lopencv_xobjdetect",
					"-lopencv_imgproc",
					"-lopencv_core",
					"-lopencv_xphoto",
				);
				PRODUCT_NAME = "$(TARGET_NAME)";
			};
			name = Debug;
		};
		74325DE520D035AB00121EC0 /* Release */ = {
			isa = XCBuildConfiguration;
			buildSettings = {
				ALWAYS_SEARCH_USER_PATHS = YES;
				CLANG_WARN_DOCUMENTATION_COMMENTS = NO;
				CODE_SIGN_STYLE = Automatic;
				HEADER_SEARCH_PATHS = /usr/local/Cellar/opencv/3.4.1_1/include;
				LIBRARY_SEARCH_PATHS = /usr/local/Cellar/opencv/3.4.1_1/lib;
				OTHER_LDFLAGS = (
					"-lopencv_stitching",
					"-lopencv_bioinspired",
					"-lopencv_bgsegm",
					"-lopencv_aruco",
					"-lopencv_videostab",
					"-lopencv_superres",
					"-lopencv_dnn_objdetect",
					"-lopencv_ccalib",
					"-lopencv_fuzzy",
					"-lopencv_photo",
					"-lopencv_face",
					"-lopencv_dpm",
					"-lopencv_hdf",
					"-lopencv_reg",
					"-lopencv_line_descriptor",
					"-lopencv_img_hash",
					"-lopencv_hfs",
					"-lopencv_optflow",
					"-lopencv_xfeatures2d",
					"-lopencv_plot",
					"-lopencv_dnn",
					"-lopencv_text",
					"-lopencv_datasets",
					"-lopencv_tracking",
					"-lopencv_surface_matching",
					"-lopencv_phase_unwrapping",
					"-lopencv_structured_light",
					"-lopencv_stereo",
					"-lopencv_saliency",
					"-lopencv_rgbd",
					"-lopencv_flann",
					"-lopencv_videoio",
					"-lopencv_highgui",
					"-lopencv_features2d",
					"-lopencv_calib3d",
					"-lopencv_ximgproc",
					"-lopencv_ml",
					"-lopencv_video",
					"-lopencv_shape",
					"-lopencv_imgcodecs",
					"-lopencv_objdetect",
					"-lopencv_xobjdetect",
					"-lopencv_imgproc",
					"-lopencv_core",
					"-lopencv_xphoto",
				);
				PRODUCT_NAME = "$(TARGET_NAME)";
			};
			name = Release;
		};
/* End XCBuildConfiguration section */

/* Begin XCConfigurationList section */
		74325DD720D035AB00121EC0 /* Build configuration list for PBXProject "thumbs up detector" */ = {
			isa = XCConfigurationList;
			buildConfigurations = (
				74325DE120D035AB00121EC0 /* Debug */,
				74325DE220D035AB00121EC0 /* Release */,
			);
			defaultConfigurationIsVisible = 0;
			defaultConfigurationName = Release;
		};
		74325DE320D035AB00121EC0 /* Build configuration list for PBXNativeTarget "thumbs up detector" */ = {
			isa = XCConfigurationList;
			buildConfigurations = (
				74325DE420D035AB00121EC0 /* Debug */,
				74325DE520D035AB00121EC0 /* Release */,
			);
			defaultConfigurationIsVisible = 0;
			defaultConfigurationName = Release;
		};
/* End XCConfigurationList section */
	};
	rootObject = 74325DD420D035AB00121EC0 /* Project object */;
}
